
Microsoft Visual Studio Solution File, Format Version 12.00
# Visual Studio 15
VisualStudioVersion = 15.0.27428.2015
MinimumVisualStudioVersion = 10.0.40219.1
Project("{FAE04EC0-301F-11D3-BF4B-00C04F79EFBC}") = "TesteGta", "TesteGta\TesteGta.csproj", "{BF284FDF-04E3-49BD-91F0-00CFE6BF5BD8}"
EndProject
Global
	GlobalSection(SolutionConfigurationPlatforms) = preSolution
		Debug|Any CPU = Debug|Any CPU
		Release|Any CPU = Release|Any CPU
	EndGlobalSection
	GlobalSection(ProjectConfigurationPlatforms) = postSolution
		{BF284FDF-04E3-49BD-91F0-00CFE6BF5BD8}.Debug|Any CPU.ActiveCfg = Debug|Any CPU
		{BF284FDF-04E3-49BD-91F0-00CFE6BF5BD8}.Debug|Any CPU.Build.0 = Debug|Any CPU
		{BF284FDF-04E3-49BD-91F0-00CFE6BF5BD8}.Release|Any CPU.ActiveCfg = Release|Any CPU
		{BF284FDF-04E3-49BD-91F0-00CFE6BF5BD8}.Release|Any CPU.Build.0 = Release|Any CPU
	EndGlobalSection
	GlobalSection(SolutionProperties) = preSolution
		HideSolutionNode = FALSE
	EndGlobalSection
	GlobalSection(ExtensibilityGlobals) = postSolution
		SolutionGuid = {0D130778-8433-403A-B619-BF814C2A713A}
	EndGlobalSection
EndGlobal
